
Microsoft Visual Studio Solution File, Format Version 12.00
# Visual Studio 2013
VisualStudioVersion = 12.0.31101.0
MinimumVisualStudioVersion = 10.0.40219.1
Project("{FAE04EC0-301F-11D3-BF4B-00C04F79EFBC}") = "01.Refactoring", "01.Refactoring\01.Refactoring.csproj", "{BCFC19D2-A081-4100-9973-6A916BCBB59F}"
EndProject
Project("{FAE04EC0-301F-11D3-BF4B-00C04F79EFBC}") = "02.Student-System", "02.Student-System\02.Student-System.csproj", "{D10A5AFE-1BFB-4D0D-921F-D93FA5ACF604}"
EndProject
Project("{FAE04EC0-301F-11D3-BF4B-00C04F79EFBC}") = "03.LinkedIn", "03.LinkedIn\03.LinkedIn.csproj", "{D83CF21E-9837-42FF-9295-9B3AEAE675B0}"
EndProject
Global
	GlobalSection(SolutionConfigurationPlatforms) = preSolution
		Debug|Any CPU = Debug|Any CPU
		Release|Any CPU = Release|Any CPU
	EndGlobalSection
	GlobalSection(ProjectConfigurationPlatforms) = postSolution
		{BCFC19D2-A081-4100-9973-6A916BCBB59F}.Debug|Any CPU.ActiveCfg = Debug|Any CPU
		{BCFC19D2-A081-4100-9973-6A916BCBB59F}.Debug|Any CPU.Build.0 = Debug|Any CPU
		{BCFC19D2-A081-4100-9973-6A916BCBB59F}.Release|Any CPU.ActiveCfg = Release|Any CPU
		{BCFC19D2-A081-4100-9973-6A916BCBB59F}.Release|Any CPU.Build.0 = Release|Any CPU
		{D10A5AFE-1BFB-4D0D-921F-D93FA5ACF604}.Debug|Any CPU.ActiveCfg = Debug|Any CPU
		{D10A5AFE-1BFB-4D0D-921F-D93FA5ACF604}.Debug|Any CPU.Build.0 = Debug|Any CPU
		{D10A5AFE-1BFB-4D0D-921F-D93FA5ACF604}.Release|Any CPU.ActiveCfg = Release|Any CPU
		{D10A5AFE-1BFB-4D0D-921F-D93FA5ACF604}.Release|Any CPU.Build.0 = Release|Any CPU
		{D83CF21E-9837-42FF-9295-9B3AEAE675B0}.Debug|Any CPU.ActiveCfg = Debug|Any CPU
		{D83CF21E-9837-42FF-9295-9B3AEAE675B0}.Debug|Any CPU.Build.0 = Debug|Any CPU
		{D83CF21E-9837-42FF-9295-9B3AEAE675B0}.Release|Any CPU.ActiveCfg = Release|Any CPU
		{D83CF21E-9837-42FF-9295-9B3AEAE675B0}.Release|Any CPU.Build.0 = Release|Any CPU
	EndGlobalSection
	GlobalSection(SolutionProperties) = preSolution
		HideSolutionNode = FALSE
	EndGlobalSection
EndGlobal
