
Microsoft Visual Studio Solution File, Format Version 12.00
# Visual Studio 2013
VisualStudioVersion = 12.0.31101.0
MinimumVisualStudioVersion = 10.0.40219.1
Project("{FAE04EC0-301F-11D3-BF4B-00C04F79EFBC}") = "01-Exchange-If-Greater", "01-Exchange-If-Greater\01-Exchange-If-Greater.csproj", "{9D3931AC-0F58-4E60-9D20-8F1AE34261B5}"
EndProject
Project("{FAE04EC0-301F-11D3-BF4B-00C04F79EFBC}") = "02-Bonus-Score", "02-Bonus-Score\02-Bonus-Score.csproj", "{AD788051-5A3C-4E75-AC72-AFB561D6E5A7}"
EndProject
Project("{FAE04EC0-301F-11D3-BF4B-00C04F79EFBC}") = "03-Check-for-a-Play-Card", "03-Check-for-a-Play-Card\03-Check-for-a-Play-Card.csproj", "{FF9F5175-A63B-4A58-8944-EADEC37C6A1B}"
EndProject
Project("{FAE04EC0-301F-11D3-BF4B-00C04F79EFBC}") = "04-Multiplication-Sign", "04-Multiplication-Sign\04-Multiplication-Sign.csproj", "{A16BAE67-3E23-4D9C-B192-94EE55EEF0A5}"
EndProject
Project("{FAE04EC0-301F-11D3-BF4B-00C04F79EFBC}") = "05-The-Biggest-of-3-Numbers", "05-The-Biggest-of-3-Numbers\05-The-Biggest-of-3-Numbers.csproj", "{E6ACCD0B-94F4-477D-944B-0F13CA3E28BE}"
EndProject
Project("{FAE04EC0-301F-11D3-BF4B-00C04F79EFBC}") = "06-The-Biggest-of-Five-Numbers", "06-The-Biggest-of-Five-Numbers\06-The-Biggest-of-Five-Numbers.csproj", "{45692CFC-28EB-4C15-806B-BD90D8597E36}"
EndProject
Project("{FAE04EC0-301F-11D3-BF4B-00C04F79EFBC}") = "07-Sort-3-Numbers-with-Nested-Ifs", "07-Sort-3-Numbers-with-Nested-Ifs\07-Sort-3-Numbers-with-Nested-Ifs.csproj", "{1B83CAE1-D694-4A44-84D3-9FDFB398C49B}"
EndProject
Project("{FAE04EC0-301F-11D3-BF4B-00C04F79EFBC}") = "08-Digit-as-Word", "08-Digit-as-Word\08-Digit-as-Word.csproj", "{B22C385B-1922-4380-A798-1EBB07FBAD9D}"
EndProject
Project("{FAE04EC0-301F-11D3-BF4B-00C04F79EFBC}") = "09-Play-with-Int-Double-and-String", "09-Play-with-Int-Double-and-String\09-Play-with-Int-Double-and-String.csproj", "{584D5534-10CE-4AA4-A160-78BE0252C747}"
EndProject
Project("{FAE04EC0-301F-11D3-BF4B-00C04F79EFBC}") = "10-Beer-Time", "10-Beer-Time\10-Beer-Time.csproj", "{F1B341B0-2247-4FA9-9AD7-DA640D772342}"
EndProject
Project("{FAE04EC0-301F-11D3-BF4B-00C04F79EFBC}") = "11-Number-as-Words", "11-Number-as-Words\11-Number-as-Words.csproj", "{C36CE16B-850C-4B13-8791-BB234CFD94F8}"
EndProject
Project("{FAE04EC0-301F-11D3-BF4B-00C04F79EFBC}") = "12-Zero-Subset", "12-Zero-Subset\12-Zero-Subset.csproj", "{3F662120-8A55-4B86-8321-0DAC82D5D0A0}"
EndProject
Global
	GlobalSection(SolutionConfigurationPlatforms) = preSolution
		Debug|Any CPU = Debug|Any CPU
		Release|Any CPU = Release|Any CPU
	EndGlobalSection
	GlobalSection(ProjectConfigurationPlatforms) = postSolution
		{9D3931AC-0F58-4E60-9D20-8F1AE34261B5}.Debug|Any CPU.ActiveCfg = Debug|Any CPU
		{9D3931AC-0F58-4E60-9D20-8F1AE34261B5}.Debug|Any CPU.Build.0 = Debug|Any CPU
		{9D3931AC-0F58-4E60-9D20-8F1AE34261B5}.Release|Any CPU.ActiveCfg = Release|Any CPU
		{9D3931AC-0F58-4E60-9D20-8F1AE34261B5}.Release|Any CPU.Build.0 = Release|Any CPU
		{AD788051-5A3C-4E75-AC72-AFB561D6E5A7}.Debug|Any CPU.ActiveCfg = Debug|Any CPU
		{AD788051-5A3C-4E75-AC72-AFB561D6E5A7}.Debug|Any CPU.Build.0 = Debug|Any CPU
		{AD788051-5A3C-4E75-AC72-AFB561D6E5A7}.Release|Any CPU.ActiveCfg = Release|Any CPU
		{AD788051-5A3C-4E75-AC72-AFB561D6E5A7}.Release|Any CPU.Build.0 = Release|Any CPU
		{FF9F5175-A63B-4A58-8944-EADEC37C6A1B}.Debug|Any CPU.ActiveCfg = Debug|Any CPU
		{FF9F5175-A63B-4A58-8944-EADEC37C6A1B}.Debug|Any CPU.Build.0 = Debug|Any CPU
		{FF9F5175-A63B-4A58-8944-EADEC37C6A1B}.Release|Any CPU.ActiveCfg = Release|Any CPU
		{FF9F5175-A63B-4A58-8944-EADEC37C6A1B}.Release|Any CPU.Build.0 = Release|Any CPU
		{A16BAE67-3E23-4D9C-B192-94EE55EEF0A5}.Debug|Any CPU.ActiveCfg = Debug|Any CPU
		{A16BAE67-3E23-4D9C-B192-94EE55EEF0A5}.Debug|Any CPU.Build.0 = Debug|Any CPU
		{A16BAE67-3E23-4D9C-B192-94EE55EEF0A5}.Release|Any CPU.ActiveCfg = Release|Any CPU
		{A16BAE67-3E23-4D9C-B192-94EE55EEF0A5}.Release|Any CPU.Build.0 = Release|Any CPU
		{E6ACCD0B-94F4-477D-944B-0F13CA3E28BE}.Debug|Any CPU.ActiveCfg = Debug|Any CPU
		{E6ACCD0B-94F4-477D-944B-0F13CA3E28BE}.Debug|Any CPU.Build.0 = Debug|Any CPU
		{E6ACCD0B-94F4-477D-944B-0F13CA3E28BE}.Release|Any CPU.ActiveCfg = Release|Any CPU
		{E6ACCD0B-94F4-477D-944B-0F13CA3E28BE}.Release|Any CPU.Build.0 = Release|Any CPU
		{45692CFC-28EB-4C15-806B-BD90D8597E36}.Debug|Any CPU.ActiveCfg = Debug|Any CPU
		{45692CFC-28EB-4C15-806B-BD90D8597E36}.Debug|Any CPU.Build.0 = Debug|Any CPU
		{45692CFC-28EB-4C15-806B-BD90D8597E36}.Release|Any CPU.ActiveCfg = Release|Any CPU
		{45692CFC-28EB-4C15-806B-BD90D8597E36}.Release|Any CPU.Build.0 = Release|Any CPU
		{1B83CAE1-D694-4A44-84D3-9FDFB398C49B}.Debug|Any CPU.ActiveCfg = Debug|Any CPU
		{1B83CAE1-D694-4A44-84D3-9FDFB398C49B}.Debug|Any CPU.Build.0 = Debug|Any CPU
		{1B83CAE1-D694-4A44-84D3-9FDFB398C49B}.Release|Any CPU.ActiveCfg = Release|Any CPU
		{1B83CAE1-D694-4A44-84D3-9FDFB398C49B}.Release|Any CPU.Build.0 = Release|Any CPU
		{B22C385B-1922-4380-A798-1EBB07FBAD9D}.Debug|Any CPU.ActiveCfg = Debug|Any CPU
		{B22C385B-1922-4380-A798-1EBB07FBAD9D}.Debug|Any CPU.Build.0 = Debug|Any CPU
		{B22C385B-1922-4380-A798-1EBB07FBAD9D}.Release|Any CPU.ActiveCfg = Release|Any CPU
		{B22C385B-1922-4380-A798-1EBB07FBAD9D}.Release|Any CPU.Build.0 = Release|Any CPU
		{584D5534-10CE-4AA4-A160-78BE0252C747}.Debug|Any CPU.ActiveCfg = Debug|Any CPU
		{584D5534-10CE-4AA4-A160-78BE0252C747}.Debug|Any CPU.Build.0 = Debug|Any CPU
		{584D5534-10CE-4AA4-A160-78BE0252C747}.Release|Any CPU.ActiveCfg = Release|Any CPU
		{584D5534-10CE-4AA4-A160-78BE0252C747}.Release|Any CPU.Build.0 = Release|Any CPU
		{F1B341B0-2247-4FA9-9AD7-DA640D772342}.Debug|Any CPU.ActiveCfg = Debug|Any CPU
		{F1B341B0-2247-4FA9-9AD7-DA640D772342}.Debug|Any CPU.Build.0 = Debug|Any CPU
		{F1B341B0-2247-4FA9-9AD7-DA640D772342}.Release|Any CPU.ActiveCfg = Release|Any CPU
		{F1B341B0-2247-4FA9-9AD7-DA640D772342}.Release|Any CPU.Build.0 = Release|Any CPU
		{C36CE16B-850C-4B13-8791-BB234CFD94F8}.Debug|Any CPU.ActiveCfg = Debug|Any CPU
		{C36CE16B-850C-4B13-8791-BB234CFD94F8}.Debug|Any CPU.Build.0 = Debug|Any CPU
		{C36CE16B-850C-4B13-8791-BB234CFD94F8}.Release|Any CPU.ActiveCfg = Release|Any CPU
		{C36CE16B-850C-4B13-8791-BB234CFD94F8}.Release|Any CPU.Build.0 = Release|Any CPU
		{3F662120-8A55-4B86-8321-0DAC82D5D0A0}.Debug|Any CPU.ActiveCfg = Debug|Any CPU
		{3F662120-8A55-4B86-8321-0DAC82D5D0A0}.Debug|Any CPU.Build.0 = Debug|Any CPU
		{3F662120-8A55-4B86-8321-0DAC82D5D0A0}.Release|Any CPU.ActiveCfg = Release|Any CPU
		{3F662120-8A55-4B86-8321-0DAC82D5D0A0}.Release|Any CPU.Build.0 = Release|Any CPU
	EndGlobalSection
	GlobalSection(SolutionProperties) = preSolution
		HideSolutionNode = FALSE
	EndGlobalSection
EndGlobal
