
Microsoft Visual Studio Solution File, Format Version 12.00
# Visual Studio 2013
VisualStudioVersion = 12.0.31101.0
MinimumVisualStudioVersion = 10.0.40219.1
Project("{FAE04EC0-301F-11D3-BF4B-00C04F79EFBC}") = "01.Registration-form", "01.Registration-form\01.Registration-form.csproj", "{104FCBCF-1A83-46D2-B0AB-320B859B9A53}"
EndProject
Project("{FAE04EC0-301F-11D3-BF4B-00C04F79EFBC}") = "02.University-grid", "02.University-grid\02.University-grid.csproj", "{617EAC52-0292-4D82-A360-73AC737FD0F6}"
EndProject
Project("{FAE04EC0-301F-11D3-BF4B-00C04F79EFBC}") = "03.Notebook-store", "03.Notebook-store\03.Notebook-store.csproj", "{50599A92-5A19-4256-9E21-1EFD72763876}"
EndProject
Global
	GlobalSection(SolutionConfigurationPlatforms) = preSolution
		Debug|Any CPU = Debug|Any CPU
		Release|Any CPU = Release|Any CPU
	EndGlobalSection
	GlobalSection(ProjectConfigurationPlatforms) = postSolution
		{104FCBCF-1A83-46D2-B0AB-320B859B9A53}.Debug|Any CPU.ActiveCfg = Debug|Any CPU
		{104FCBCF-1A83-46D2-B0AB-320B859B9A53}.Debug|Any CPU.Build.0 = Debug|Any CPU
		{104FCBCF-1A83-46D2-B0AB-320B859B9A53}.Release|Any CPU.ActiveCfg = Release|Any CPU
		{104FCBCF-1A83-46D2-B0AB-320B859B9A53}.Release|Any CPU.Build.0 = Release|Any CPU
		{617EAC52-0292-4D82-A360-73AC737FD0F6}.Debug|Any CPU.ActiveCfg = Debug|Any CPU
		{617EAC52-0292-4D82-A360-73AC737FD0F6}.Debug|Any CPU.Build.0 = Debug|Any CPU
		{617EAC52-0292-4D82-A360-73AC737FD0F6}.Release|Any CPU.ActiveCfg = Release|Any CPU
		{617EAC52-0292-4D82-A360-73AC737FD0F6}.Release|Any CPU.Build.0 = Release|Any CPU
		{50599A92-5A19-4256-9E21-1EFD72763876}.Debug|Any CPU.ActiveCfg = Debug|Any CPU
		{50599A92-5A19-4256-9E21-1EFD72763876}.Debug|Any CPU.Build.0 = Debug|Any CPU
		{50599A92-5A19-4256-9E21-1EFD72763876}.Release|Any CPU.ActiveCfg = Release|Any CPU
		{50599A92-5A19-4256-9E21-1EFD72763876}.Release|Any CPU.Build.0 = Release|Any CPU
	EndGlobalSection
	GlobalSection(SolutionProperties) = preSolution
		HideSolutionNode = FALSE
	EndGlobalSection
EndGlobal
