
Microsoft Visual Studio Solution File, Format Version 12.00
# Visual Studio 14
VisualStudioVersion = 14.0.24720.0
MinimumVisualStudioVersion = 10.0.40219.1
Project("{FAE04EC0-301F-11D3-BF4B-00C04F79EFBC}") = "CarService-PerformanceTests", "CarService-PerformanceTests\CarService-PerformanceTests.csproj", "{D03EEADB-9EC0-4793-9F2B-5078AECFF932}"
EndProject
Project("{2150E333-8FDC-42A3-9474-1A3956D46DE8}") = "Solution Items", "Solution Items", "{F0669D94-4977-4623-BFD8-9891A57B0838}"
	ProjectSection(SolutionItems) = preProject
		Local.testsettings = Local.testsettings
	EndProjectSection
EndProject
Global
	GlobalSection(SolutionConfigurationPlatforms) = preSolution
		Debug|Any CPU = Debug|Any CPU
		Release|Any CPU = Release|Any CPU
	EndGlobalSection
	GlobalSection(ProjectConfigurationPlatforms) = postSolution
		{D03EEADB-9EC0-4793-9F2B-5078AECFF932}.Debug|Any CPU.ActiveCfg = Debug|Any CPU
		{D03EEADB-9EC0-4793-9F2B-5078AECFF932}.Debug|Any CPU.Build.0 = Debug|Any CPU
		{D03EEADB-9EC0-4793-9F2B-5078AECFF932}.Release|Any CPU.ActiveCfg = Release|Any CPU
		{D03EEADB-9EC0-4793-9F2B-5078AECFF932}.Release|Any CPU.Build.0 = Release|Any CPU
	EndGlobalSection
	GlobalSection(SolutionProperties) = preSolution
		HideSolutionNode = FALSE
	EndGlobalSection
EndGlobal
