
Microsoft Visual Studio Solution File, Format Version 12.00
# Visual Studio 2013
VisualStudioVersion = 12.0.31101.0
MinimumVisualStudioVersion = 10.0.40219.1
Project("{FAE04EC0-301F-11D3-BF4B-00C04F79EFBC}") = "Class Size in CSharp", "Class Size in CSharp\Class Size in CSharp.csproj", "{AFE5E3C3-B837-41F8-B253-169AA4E46A19}"
EndProject
Project("{FAE04EC0-301F-11D3-BF4B-00C04F79EFBC}") = "Method PrintStatistics in CSharp", "Method PrintStatistics in CSharp\Method PrintStatistics in CSharp.csproj", "{A4535CDF-99FF-448E-957C-B3F08A106E7C}"
EndProject
Global
	GlobalSection(SolutionConfigurationPlatforms) = preSolution
		Debug|Any CPU = Debug|Any CPU
		Release|Any CPU = Release|Any CPU
	EndGlobalSection
	GlobalSection(ProjectConfigurationPlatforms) = postSolution
		{AFE5E3C3-B837-41F8-B253-169AA4E46A19}.Debug|Any CPU.ActiveCfg = Debug|Any CPU
		{AFE5E3C3-B837-41F8-B253-169AA4E46A19}.Debug|Any CPU.Build.0 = Debug|Any CPU
		{AFE5E3C3-B837-41F8-B253-169AA4E46A19}.Release|Any CPU.ActiveCfg = Release|Any CPU
		{AFE5E3C3-B837-41F8-B253-169AA4E46A19}.Release|Any CPU.Build.0 = Release|Any CPU
		{A4535CDF-99FF-448E-957C-B3F08A106E7C}.Debug|Any CPU.ActiveCfg = Debug|Any CPU
		{A4535CDF-99FF-448E-957C-B3F08A106E7C}.Debug|Any CPU.Build.0 = Debug|Any CPU
		{A4535CDF-99FF-448E-957C-B3F08A106E7C}.Release|Any CPU.ActiveCfg = Release|Any CPU
		{A4535CDF-99FF-448E-957C-B3F08A106E7C}.Release|Any CPU.Build.0 = Release|Any CPU
	EndGlobalSection
	GlobalSection(SolutionProperties) = preSolution
		HideSolutionNode = FALSE
	EndGlobalSection
EndGlobal
