
Microsoft Visual Studio Solution File, Format Version 12.00
# Visual Studio 2013
VisualStudioVersion = 12.0.31101.0
MinimumVisualStudioVersion = 10.0.40219.1
Project("{FAE04EC0-301F-11D3-BF4B-00C04F79EFBC}") = "Task 1", "Task 1\My Solution\Task 1.csproj", "{F150CB49-ED9C-484B-B80A-8A4EEE1D152B}"
EndProject
Project("{FAE04EC0-301F-11D3-BF4B-00C04F79EFBC}") = "Task 2", "Task 2\My Solution\Task 2.csproj", "{EAFD232D-EF6A-45CC-8420-B91B86AF012F}"
EndProject
Global
	GlobalSection(SolutionConfigurationPlatforms) = preSolution
		Debug|Any CPU = Debug|Any CPU
		Release|Any CPU = Release|Any CPU
	EndGlobalSection
	GlobalSection(ProjectConfigurationPlatforms) = postSolution
		{F150CB49-ED9C-484B-B80A-8A4EEE1D152B}.Debug|Any CPU.ActiveCfg = Debug|Any CPU
		{F150CB49-ED9C-484B-B80A-8A4EEE1D152B}.Debug|Any CPU.Build.0 = Debug|Any CPU
		{F150CB49-ED9C-484B-B80A-8A4EEE1D152B}.Release|Any CPU.ActiveCfg = Release|Any CPU
		{F150CB49-ED9C-484B-B80A-8A4EEE1D152B}.Release|Any CPU.Build.0 = Release|Any CPU
		{EAFD232D-EF6A-45CC-8420-B91B86AF012F}.Debug|Any CPU.ActiveCfg = Debug|Any CPU
		{EAFD232D-EF6A-45CC-8420-B91B86AF012F}.Debug|Any CPU.Build.0 = Debug|Any CPU
		{EAFD232D-EF6A-45CC-8420-B91B86AF012F}.Release|Any CPU.ActiveCfg = Release|Any CPU
		{EAFD232D-EF6A-45CC-8420-B91B86AF012F}.Release|Any CPU.Build.0 = Release|Any CPU
	EndGlobalSection
	GlobalSection(SolutionProperties) = preSolution
		HideSolutionNode = FALSE
	EndGlobalSection
EndGlobal
