
Microsoft Visual Studio Solution File, Format Version 12.00
# Visual Studio 2013
VisualStudioVersion = 12.0.31101.0
MinimumVisualStudioVersion = 10.0.40219.1
Project("{FAE04EC0-301F-11D3-BF4B-00C04F79EFBC}") = "04-Hello-World", "04-Hello-World\04-Hello-World.csproj", "{DC9DD51F-5D7F-4FB8-B4BA-707826C5BDD1}"
EndProject
Project("{FAE04EC0-301F-11D3-BF4B-00C04F79EFBC}") = "05-Print-Your-Name", "05-Print-Your-Name\05-Print-Your-Name.csproj", "{99621D63-A884-4C1A-B488-976E9BC3C885}"
EndProject
Project("{FAE04EC0-301F-11D3-BF4B-00C04F79EFBC}") = "06-Print-Numbers", "06-Print-Numbers\06-Print-Numbers.csproj", "{CAF5584B-FCAD-49DB-8239-43BB6A1086C3}"
EndProject
Project("{FAE04EC0-301F-11D3-BF4B-00C04F79EFBC}") = "07-Print-First-and-Last-Name", "07-Print-First-and-Last-Name\07-Print-First-and-Last-Name.csproj", "{E51930FC-1623-4448-B5D9-B8E3EE7E2728}"
EndProject
Project("{FAE04EC0-301F-11D3-BF4B-00C04F79EFBC}") = "08-Square-Root", "08-Square-Root\08-Square-Root.csproj", "{A7888654-19ED-4189-9C12-2A2F78316FC3}"
EndProject
Project("{FAE04EC0-301F-11D3-BF4B-00C04F79EFBC}") = "09-Print-a-Sequence", "09-Print-a-Sequence\09-Print-a-Sequence.csproj", "{D3E1A8E3-4207-4645-81DA-E9143FA32331}"
EndProject
Project("{FAE04EC0-301F-11D3-BF4B-00C04F79EFBC}") = "10-Reformat-CSharp-Code", "10-Reformat-CSharp-Code\10-Reformat-CSharp-Code.csproj", "{6654CA58-B8B5-45BC-A07B-FCB7E5A5B6A6}"
EndProject
Project("{FAE04EC0-301F-11D3-BF4B-00C04F79EFBC}") = "14-Current-Date-and-Time", "14-Current-Date-and-Time\14-Current-Date-and-Time.csproj", "{1A3BDBD0-B3CB-43BF-A40A-097C8B1AC040}"
EndProject
Project("{FAE04EC0-301F-11D3-BF4B-00C04F79EFBC}") = "15-Age-after-10-Years", "15-Age-after-10-Years\15-Age-after-10-Years.csproj", "{B2856EB4-D0A9-4A9A-AEE5-7944BB29FEAC}"
EndProject
Project("{FAE04EC0-301F-11D3-BF4B-00C04F79EFBC}") = "16-Print-Long-Sequence", "16-Print-Long-Sequence\16-Print-Long-Sequence.csproj", "{13D87C5F-BE4D-409C-A0B2-F4D1A6E4E11C}"
EndProject
Global
	GlobalSection(SolutionConfigurationPlatforms) = preSolution
		Debug|Any CPU = Debug|Any CPU
		Release|Any CPU = Release|Any CPU
	EndGlobalSection
	GlobalSection(ProjectConfigurationPlatforms) = postSolution
		{DC9DD51F-5D7F-4FB8-B4BA-707826C5BDD1}.Debug|Any CPU.ActiveCfg = Debug|Any CPU
		{DC9DD51F-5D7F-4FB8-B4BA-707826C5BDD1}.Debug|Any CPU.Build.0 = Debug|Any CPU
		{DC9DD51F-5D7F-4FB8-B4BA-707826C5BDD1}.Release|Any CPU.ActiveCfg = Release|Any CPU
		{DC9DD51F-5D7F-4FB8-B4BA-707826C5BDD1}.Release|Any CPU.Build.0 = Release|Any CPU
		{99621D63-A884-4C1A-B488-976E9BC3C885}.Debug|Any CPU.ActiveCfg = Debug|Any CPU
		{99621D63-A884-4C1A-B488-976E9BC3C885}.Debug|Any CPU.Build.0 = Debug|Any CPU
		{99621D63-A884-4C1A-B488-976E9BC3C885}.Release|Any CPU.ActiveCfg = Release|Any CPU
		{99621D63-A884-4C1A-B488-976E9BC3C885}.Release|Any CPU.Build.0 = Release|Any CPU
		{CAF5584B-FCAD-49DB-8239-43BB6A1086C3}.Debug|Any CPU.ActiveCfg = Debug|Any CPU
		{CAF5584B-FCAD-49DB-8239-43BB6A1086C3}.Debug|Any CPU.Build.0 = Debug|Any CPU
		{CAF5584B-FCAD-49DB-8239-43BB6A1086C3}.Release|Any CPU.ActiveCfg = Release|Any CPU
		{CAF5584B-FCAD-49DB-8239-43BB6A1086C3}.Release|Any CPU.Build.0 = Release|Any CPU
		{E51930FC-1623-4448-B5D9-B8E3EE7E2728}.Debug|Any CPU.ActiveCfg = Debug|Any CPU
		{E51930FC-1623-4448-B5D9-B8E3EE7E2728}.Debug|Any CPU.Build.0 = Debug|Any CPU
		{E51930FC-1623-4448-B5D9-B8E3EE7E2728}.Release|Any CPU.ActiveCfg = Release|Any CPU
		{E51930FC-1623-4448-B5D9-B8E3EE7E2728}.Release|Any CPU.Build.0 = Release|Any CPU
		{A7888654-19ED-4189-9C12-2A2F78316FC3}.Debug|Any CPU.ActiveCfg = Debug|Any CPU
		{A7888654-19ED-4189-9C12-2A2F78316FC3}.Debug|Any CPU.Build.0 = Debug|Any CPU
		{A7888654-19ED-4189-9C12-2A2F78316FC3}.Release|Any CPU.ActiveCfg = Release|Any CPU
		{A7888654-19ED-4189-9C12-2A2F78316FC3}.Release|Any CPU.Build.0 = Release|Any CPU
		{D3E1A8E3-4207-4645-81DA-E9143FA32331}.Debug|Any CPU.ActiveCfg = Debug|Any CPU
		{D3E1A8E3-4207-4645-81DA-E9143FA32331}.Debug|Any CPU.Build.0 = Debug|Any CPU
		{D3E1A8E3-4207-4645-81DA-E9143FA32331}.Release|Any CPU.ActiveCfg = Release|Any CPU
		{D3E1A8E3-4207-4645-81DA-E9143FA32331}.Release|Any CPU.Build.0 = Release|Any CPU
		{6654CA58-B8B5-45BC-A07B-FCB7E5A5B6A6}.Debug|Any CPU.ActiveCfg = Debug|Any CPU
		{6654CA58-B8B5-45BC-A07B-FCB7E5A5B6A6}.Debug|Any CPU.Build.0 = Debug|Any CPU
		{6654CA58-B8B5-45BC-A07B-FCB7E5A5B6A6}.Release|Any CPU.ActiveCfg = Release|Any CPU
		{6654CA58-B8B5-45BC-A07B-FCB7E5A5B6A6}.Release|Any CPU.Build.0 = Release|Any CPU
		{1A3BDBD0-B3CB-43BF-A40A-097C8B1AC040}.Debug|Any CPU.ActiveCfg = Debug|Any CPU
		{1A3BDBD0-B3CB-43BF-A40A-097C8B1AC040}.Debug|Any CPU.Build.0 = Debug|Any CPU
		{1A3BDBD0-B3CB-43BF-A40A-097C8B1AC040}.Release|Any CPU.ActiveCfg = Release|Any CPU
		{1A3BDBD0-B3CB-43BF-A40A-097C8B1AC040}.Release|Any CPU.Build.0 = Release|Any CPU
		{B2856EB4-D0A9-4A9A-AEE5-7944BB29FEAC}.Debug|Any CPU.ActiveCfg = Debug|Any CPU
		{B2856EB4-D0A9-4A9A-AEE5-7944BB29FEAC}.Debug|Any CPU.Build.0 = Debug|Any CPU
		{B2856EB4-D0A9-4A9A-AEE5-7944BB29FEAC}.Release|Any CPU.ActiveCfg = Release|Any CPU
		{B2856EB4-D0A9-4A9A-AEE5-7944BB29FEAC}.Release|Any CPU.Build.0 = Release|Any CPU
		{13D87C5F-BE4D-409C-A0B2-F4D1A6E4E11C}.Debug|Any CPU.ActiveCfg = Debug|Any CPU
		{13D87C5F-BE4D-409C-A0B2-F4D1A6E4E11C}.Debug|Any CPU.Build.0 = Debug|Any CPU
		{13D87C5F-BE4D-409C-A0B2-F4D1A6E4E11C}.Release|Any CPU.ActiveCfg = Release|Any CPU
		{13D87C5F-BE4D-409C-A0B2-F4D1A6E4E11C}.Release|Any CPU.Build.0 = Release|Any CPU
	EndGlobalSection
	GlobalSection(SolutionProperties) = preSolution
		HideSolutionNode = FALSE
	EndGlobalSection
EndGlobal
