
Microsoft Visual Studio Solution File, Format Version 12.00
# Visual Studio 2013
VisualStudioVersion = 12.0.31101.0
MinimumVisualStudioVersion = 10.0.40219.1
Project("{FAE04EC0-301F-11D3-BF4B-00C04F79EFBC}") = "04-Kaspichania-Boats", "04-Kaspichania-Boats\04-Kaspichania-Boats.csproj", "{24BDE6AE-3B5D-425B-8397-DB1C7E80C9A3}"
EndProject
Project("{FAE04EC0-301F-11D3-BF4B-00C04F79EFBC}") = "02-Nightmare-on-Code-Street", "02-Nightmare-on-Code-Street\02-Nightmare-on-Code-Street.csproj", "{06BAFF70-BCA8-40FE-A643-EC00D86BBB4E}"
EndProject
Project("{FAE04EC0-301F-11D3-BF4B-00C04F79EFBC}") = "01-2-4-8", "01-2-4-8\01-2-4-8.csproj", "{7843EF2D-8E97-48CA-8FCD-05B59CBFF52E}"
EndProject
Global
	GlobalSection(SolutionConfigurationPlatforms) = preSolution
		Debug|Any CPU = Debug|Any CPU
		Release|Any CPU = Release|Any CPU
	EndGlobalSection
	GlobalSection(ProjectConfigurationPlatforms) = postSolution
		{24BDE6AE-3B5D-425B-8397-DB1C7E80C9A3}.Debug|Any CPU.ActiveCfg = Debug|Any CPU
		{24BDE6AE-3B5D-425B-8397-DB1C7E80C9A3}.Debug|Any CPU.Build.0 = Debug|Any CPU
		{24BDE6AE-3B5D-425B-8397-DB1C7E80C9A3}.Release|Any CPU.ActiveCfg = Release|Any CPU
		{24BDE6AE-3B5D-425B-8397-DB1C7E80C9A3}.Release|Any CPU.Build.0 = Release|Any CPU
		{06BAFF70-BCA8-40FE-A643-EC00D86BBB4E}.Debug|Any CPU.ActiveCfg = Debug|Any CPU
		{06BAFF70-BCA8-40FE-A643-EC00D86BBB4E}.Debug|Any CPU.Build.0 = Debug|Any CPU
		{06BAFF70-BCA8-40FE-A643-EC00D86BBB4E}.Release|Any CPU.ActiveCfg = Release|Any CPU
		{06BAFF70-BCA8-40FE-A643-EC00D86BBB4E}.Release|Any CPU.Build.0 = Release|Any CPU
		{7843EF2D-8E97-48CA-8FCD-05B59CBFF52E}.Debug|Any CPU.ActiveCfg = Debug|Any CPU
		{7843EF2D-8E97-48CA-8FCD-05B59CBFF52E}.Debug|Any CPU.Build.0 = Debug|Any CPU
		{7843EF2D-8E97-48CA-8FCD-05B59CBFF52E}.Release|Any CPU.ActiveCfg = Release|Any CPU
		{7843EF2D-8E97-48CA-8FCD-05B59CBFF52E}.Release|Any CPU.Build.0 = Release|Any CPU
	EndGlobalSection
	GlobalSection(SolutionProperties) = preSolution
		HideSolutionNode = FALSE
	EndGlobalSection
EndGlobal
