
Microsoft Visual Studio Solution File, Format Version 11.00
# Visual Studio 2012
Project("{FAE04EC0-301F-11D3-BF4B-00C04F79EFBC}") = "PollSystem.Web", "PollSystem.Web\PollSystem.Web.csproj", "{C0326309-8CC3-4D10-9E02-CEAC9CD97527}"
EndProject
Project("{FAE04EC0-301F-11D3-BF4B-00C04F79EFBC}") = "PollSystem.DAL", "PollSystem.DAL\PollSystem.DAL.csproj", "{FF5926E4-F536-4082-8185-CFDB8A2532E8}"
EndProject
Global
	GlobalSection(SolutionConfigurationPlatforms) = preSolution
		Debug|Any CPU = Debug|Any CPU
		Release|Any CPU = Release|Any CPU
	EndGlobalSection
	GlobalSection(ProjectConfigurationPlatforms) = postSolution
		{C0326309-8CC3-4D10-9E02-CEAC9CD97527}.Debug|Any CPU.ActiveCfg = Debug|Any CPU
		{C0326309-8CC3-4D10-9E02-CEAC9CD97527}.Debug|Any CPU.Build.0 = Debug|Any CPU
		{C0326309-8CC3-4D10-9E02-CEAC9CD97527}.Release|Any CPU.ActiveCfg = Release|Any CPU
		{C0326309-8CC3-4D10-9E02-CEAC9CD97527}.Release|Any CPU.Build.0 = Release|Any CPU
		{FF5926E4-F536-4082-8185-CFDB8A2532E8}.Debug|Any CPU.ActiveCfg = Debug|Any CPU
		{FF5926E4-F536-4082-8185-CFDB8A2532E8}.Debug|Any CPU.Build.0 = Debug|Any CPU
		{FF5926E4-F536-4082-8185-CFDB8A2532E8}.Release|Any CPU.ActiveCfg = Release|Any CPU
		{FF5926E4-F536-4082-8185-CFDB8A2532E8}.Release|Any CPU.Build.0 = Release|Any CPU
	EndGlobalSection
	GlobalSection(SolutionProperties) = preSolution
		HideSolutionNode = FALSE
	EndGlobalSection
EndGlobal
