
Microsoft Visual Studio Solution File, Format Version 12.00
# Visual Studio 2013
VisualStudioVersion = 12.0.31101.0
MinimumVisualStudioVersion = 10.0.40219.1
Project("{FAE04EC0-301F-11D3-BF4B-00C04F79EFBC}") = "01.Runners-Home-page", "01.Runners-Home-page\01.Runners-Home-page.csproj", "{BAF542F0-1C92-4D65-B261-04C982244130}"
EndProject
Project("{FAE04EC0-301F-11D3-BF4B-00C04F79EFBC}") = "02.Nested-Lists", "02.Nested-Lists\02.Nested-Lists.csproj", "{44DBF498-3A9F-4BB2-B064-3D716C38C99D}"
EndProject
Project("{FAE04EC0-301F-11D3-BF4B-00C04F79EFBC}") = "03.Social-site", "03.Social-site\03.Social-site.csproj", "{1850F4D0-38CF-41E6-9F89-78B1A31210A7}"
EndProject
Global
	GlobalSection(SolutionConfigurationPlatforms) = preSolution
		Debug|Any CPU = Debug|Any CPU
		Release|Any CPU = Release|Any CPU
	EndGlobalSection
	GlobalSection(ProjectConfigurationPlatforms) = postSolution
		{BAF542F0-1C92-4D65-B261-04C982244130}.Debug|Any CPU.ActiveCfg = Debug|Any CPU
		{BAF542F0-1C92-4D65-B261-04C982244130}.Debug|Any CPU.Build.0 = Debug|Any CPU
		{BAF542F0-1C92-4D65-B261-04C982244130}.Release|Any CPU.ActiveCfg = Release|Any CPU
		{BAF542F0-1C92-4D65-B261-04C982244130}.Release|Any CPU.Build.0 = Release|Any CPU
		{44DBF498-3A9F-4BB2-B064-3D716C38C99D}.Debug|Any CPU.ActiveCfg = Debug|Any CPU
		{44DBF498-3A9F-4BB2-B064-3D716C38C99D}.Debug|Any CPU.Build.0 = Debug|Any CPU
		{44DBF498-3A9F-4BB2-B064-3D716C38C99D}.Release|Any CPU.ActiveCfg = Release|Any CPU
		{44DBF498-3A9F-4BB2-B064-3D716C38C99D}.Release|Any CPU.Build.0 = Release|Any CPU
		{1850F4D0-38CF-41E6-9F89-78B1A31210A7}.Debug|Any CPU.ActiveCfg = Debug|Any CPU
		{1850F4D0-38CF-41E6-9F89-78B1A31210A7}.Debug|Any CPU.Build.0 = Debug|Any CPU
		{1850F4D0-38CF-41E6-9F89-78B1A31210A7}.Release|Any CPU.ActiveCfg = Release|Any CPU
		{1850F4D0-38CF-41E6-9F89-78B1A31210A7}.Release|Any CPU.Build.0 = Release|Any CPU
	EndGlobalSection
	GlobalSection(SolutionProperties) = preSolution
		HideSolutionNode = FALSE
	EndGlobalSection
EndGlobal
